{
  "name": "database",
  "version": "1.0.0",
  "lockfileVersion": 2,
  "requires": true,
  "packages": {
    "": {
      "name": "database",
      "version": "1.0.0",
      "license": "ISC",
      "devDependencies": {
        "@types/mongoose": "^5.10.4"
      }
    },
    "node_modules/@types/bson": {
      "version": "4.0.3",
      "resolved": "https://registry.npmjs.org/@types/bson/-/bson-4.0.3.tgz",
      "integrity": "sha512-mVRvYnTOZJz3ccpxhr3wgxVmSeiYinW+zlzQz3SXWaJmD1DuL05Jeq7nKw3SnbKmbleW5qrLG5vdyWe/A9sXhw==",
      "dev": true,
      "dependencies": {
        "@types/node": "*"
      }
    },
    "node_modules/@types/mongodb": {
      "version": "3.6.10",
      "resolved": "https://registry.npmjs.org/@types/mongodb/-/mongodb-3.6.10.tgz",
      "integrity": "sha512-BkwAHFiZSSWdTIqbUVGmgvIsiXXjqAketeK7Izy7oSs6G3N8Bn993tK9eq6QEovQDx6OQ2FGP2KWDDxBzdlJ6Q==",
      "dev": true,
      "dependencies": {
        "@types/bson": "*",
        "@types/node": "*"
      }
    },
    "node_modules/@types/mongoose": {
      "version": "5.10.4",
      "resolved": "https://registry.npmjs.org/@types/mongoose/-/mongoose-5.10.4.tgz",
      "integrity": "sha512-U7fNDcTcdaSGzQ3+mlSBeebiYr6eaacJi330LTLOEh8Sm6mXfuec70ag/UXkL+alFm7pfAjFqfc7jEaJEJvAHQ==",
      "dev": true,
      "dependencies": {
        "@types/mongodb": "*",
        "@types/node": "*"
      }
    },
    "node_modules/@types/node": {
      "version": "14.14.35",
      "resolved": "https://registry.npmjs.org/@types/node/-/node-14.14.35.tgz",
      "integrity": "sha512-Lt+wj8NVPx0zUmUwumiVXapmaLUcAk3yPuHCFVXras9k5VT9TdhJqKqGVUQCD60OTMCl0qxJ57OiTL0Mic3Iag==",
      "dev": true
    }
  },
  "dependencies": {
    "@types/bson": {
      "version": "4.0.3",
      "resolved": "https://registry.npmjs.org/@types/bson/-/bson-4.0.3.tgz",
      "integrity": "sha512-mVRvYnTOZJz3ccpxhr3wgxVmSeiYinW+zlzQz3SXWaJmD1DuL05Jeq7nKw3SnbKmbleW5qrLG5vdyWe/A9sXhw==",
      "dev": true,
      "requires": {
        "@types/node": "*"
      }
    },
    "@types/mongodb": {
      "version": "3.6.10",
      "resolved": "https://registry.npmjs.org/@types/mongodb/-/mongodb-3.6.10.tgz",
      "integrity": "sha512-BkwAHFiZSSWdTIqbUVGmgvIsiXXjqAketeK7Izy7oSs6G3N8Bn993tK9eq6QEovQDx6OQ2FGP2KWDDxBzdlJ6Q==",
      "dev": true,
      "requires": {
        "@types/bson": "*",
        "@types/node": "*"
      }
    },
    "@types/mongoose": {
      "version": "5.10.4",
      "resolved": "https://registry.npmjs.org/@types/mongoose/-/mongoose-5.10.4.tgz",
      "integrity": "sha512-U7fNDcTcdaSGzQ3+mlSBeebiYr6eaacJi330LTLOEh8Sm6mXfuec70ag/UXkL+alFm7pfAjFqfc7jEaJEJvAHQ==",
      "dev": true,
      "requires": {
        "@types/mongodb": "*",
        "@types/node": "*"
      }
    },
    "@types/node": {
      "version": "14.14.35",
      "resolved": "https://registry.npmjs.org/@types/node/-/node-14.14.35.tgz",
      "integrity": "sha512-Lt+wj8NVPx0zUmUwumiVXapmaLUcAk3yPuHCFVXras9k5VT9TdhJqKqGVUQCD60OTMCl0qxJ57OiTL0Mic3Iag==",
      "dev": true
    }
  }
}
